// !$*UTF8*$!
{
	archiveVersion = 1;
	classes = {
	};
	objectVersion = 56;
	objects = {

/* Begin PBXBuildFile section */
		BB88AB6C2A2C00C70073F383 /* SwiftUI_AlignmentGuidesApp.swift in Sources */ = {isa = PBXBuildFile; fileRef = BB88AB6B2A2C00C70073F383 /* SwiftUI_AlignmentGuidesApp.swift */; };
		BB88AB6E2A2C00C70073F383 /* BasicsView.swift in Sources */ = {isa = PBXBuildFile; fileRef = BB88AB6D2A2C00C70073F383 /* BasicsView.swift */; };
		BB88AB702A2C00C70073F383 /* Assets.xcassets in Resources */ = {isa = PBXBuildFile; fileRef = BB88AB6F2A2C00C70073F383 /* Assets.xcassets */; };
		BB88AB732A2C00C70073F383 /* Preview Assets.xcassets in Resources */ = {isa = PBXBuildFile; fileRef = BB88AB722A2C00C70073F383 /* Preview Assets.xcassets */; };
		BB88AB7A2A2C01190073F383 /* ZStackViews.swift in Sources */ = {isa = PBXBuildFile; fileRef = BB88AB792A2C01190073F383 /* ZStackViews.swift */; };
		BB88AB7C2A2C01E70073F383 /* AlignmentSubscriptsView.swift in Sources */ = {isa = PBXBuildFile; fileRef = BB88AB7B2A2C01E70073F383 /* AlignmentSubscriptsView.swift */; };
		BB88AB7E2A2C020C0073F383 /* CustomAlignmentView.swift in Sources */ = {isa = PBXBuildFile; fileRef = BB88AB7D2A2C020C0073F383 /* CustomAlignmentView.swift */; };
		BB88AB802A2C02E70073F383 /* Launch Screen.storyboard in Resources */ = {isa = PBXBuildFile; fileRef = BB88AB7F2A2C02E70073F383 /* Launch Screen.storyboard */; };
/* End PBXBuildFile section */

/* Begin PBXFileReference section */
		BB88AB682A2C00C70073F383 /* SwiftUI AlignmentGuides.app */ = {isa = PBXFileReference; explicitFileType = wrapper.application; includeInIndex = 0; path = "SwiftUI AlignmentGuides.app"; sourceTree = BUILT_PRODUCTS_DIR; };
		BB88AB6B2A2C00C70073F383 /* SwiftUI_AlignmentGuidesApp.swift */ = {isa = PBXFileReference; lastKnownFileType = sourcecode.swift; path = SwiftUI_AlignmentGuidesApp.swift; sourceTree = "<group>"; };
		BB88AB6D2A2C00C70073F383 /* BasicsView.swift */ = {isa = PBXFileReference; lastKnownFileType = sourcecode.swift; path = BasicsView.swift; sourceTree = "<group>"; };
		BB88AB6F2A2C00C70073F383 /* Assets.xcassets */ = {isa = PBXFileReference; lastKnownFileType = folder.assetcatalog; path = Assets.xcassets; sourceTree = "<group>"; };
		BB88AB722A2C00C70073F383 /* Preview Assets.xcassets */ = {isa = PBXFileReference; lastKnownFileType = folder.assetcatalog; path = "Preview Assets.xcassets"; sourceTree = "<group>"; };
		BB88AB792A2C01190073F383 /* ZStackViews.swift */ = {isa = PBXFileReference; lastKnownFileType = sourcecode.swift; path = ZStackViews.swift; sourceTree = "<group>"; };
		BB88AB7B2A2C01E70073F383 /* AlignmentSubscriptsView.swift */ = {isa = PBXFileReference; lastKnownFileType = sourcecode.swift; path = AlignmentSubscriptsView.swift; sourceTree = "<group>"; };
		BB88AB7D2A2C020C0073F383 /* CustomAlignmentView.swift */ = {isa = PBXFileReference; lastKnownFileType = sourcecode.swift; path = CustomAlignmentView.swift; sourceTree = "<group>"; };
		BB88AB7F2A2C02E70073F383 /* Launch Screen.storyboard */ = {isa = PBXFileReference; lastKnownFileType = file.storyboard; path = "Launch Screen.storyboard"; sourceTree = "<group>"; };
/* End PBXFileReference section */

/* Begin PBXFrameworksBuildPhase section */
		BB88AB652A2C00C70073F383 /* Frameworks */ = {
			isa = PBXFrameworksBuildPhase;
			buildActionMask = 2147483647;
			files = (
			);
			runOnlyForDeploymentPostprocessing = 0;
		};
/* End PBXFrameworksBuildPhase section */

/* Begin PBXGroup section */
		BB88AB5F2A2C00C70073F383 = {
			isa = PBXGroup;
			children = (
				BB88AB6A2A2C00C70073F383 /* SwiftUI AlignmentGuides */,
				BB88AB692A2C00C70073F383 /* Products */,
			);
			sourceTree = "<group>";
		};
		BB88AB692A2C00C70073F383 /* Products */ = {
			isa = PBXGroup;
			children = (
				BB88AB682A2C00C70073F383 /* SwiftUI AlignmentGuides.app */,
			);
			name = Products;
			sourceTree = "<group>";
		};
		BB88AB6A2A2C00C70073F383 /* SwiftUI AlignmentGuides */ = {
			isa = PBXGroup;
			children = (
				BB88AB6B2A2C00C70073F383 /* SwiftUI_AlignmentGuidesApp.swift */,
				BB88AB6D2A2C00C70073F383 /* BasicsView.swift */,
				BB88AB792A2C01190073F383 /* ZStackViews.swift */,
				BB88AB7B2A2C01E70073F383 /* AlignmentSubscriptsView.swift */,
				BB88AB7D2A2C020C0073F383 /* CustomAlignmentView.swift */,
				BB88AB7F2A2C02E70073F383 /* Launch Screen.storyboard */,
				BB88AB6F2A2C00C70073F383 /* Assets.xcassets */,
				BB88AB712A2C00C70073F383 /* Preview Content */,
			);
			path = "SwiftUI AlignmentGuides";
			sourceTree = "<group>";
		};
		BB88AB712A2C00C70073F383 /* Preview Content */ = {
			isa = PBXGroup;
			children = (
				BB88AB722A2C00C70073F383 /* Preview Assets.xcassets */,
			);
			path = "Preview Content";
			sourceTree = "<group>";
		};
/* End PBXGroup section */

/* Begin PBXNativeTarget section */
		BB88AB672A2C00C70073F383 /* SwiftUI AlignmentGuides */ = {
			isa = PBXNativeTarget;
			buildConfigurationList = BB88AB762A2C00C70073F383 /* Build configuration list for PBXNativeTarget "SwiftUI AlignmentGuides" */;
			buildPhases = (
				BB88AB642A2C00C70073F383 /* Sources */,
				BB88AB652A2C00C70073F383 /* Frameworks */,
				BB88AB662A2C00C70073F383 /* Resources */,
			);
			buildRules = (
			);
			dependencies = (
			);
			name = "SwiftUI AlignmentGuides";
			productName = "SwiftUI AlignmentGuides";
			productReference = BB88AB682A2C00C70073F383 /* SwiftUI AlignmentGuides.app */;
			productType = "com.apple.product-type.application";
		};
/* End PBXNativeTarget section */

/* Begin PBXProject section */
		BB88AB602A2C00C70073F383 /* Project object */ = {
			isa = PBXProject;
			attributes = {
				BuildIndependentTargetsInParallel = 1;
				LastSwiftUpdateCheck = 1430;
				LastUpgradeCheck = 1430;
				TargetAttributes = {
					BB88AB672A2C00C70073F383 = {
						CreatedOnToolsVersion = 14.3.1;
					};
				};
			};
			buildConfigurationList = BB88AB632A2C00C70073F383 /* Build configuration list for PBXProject "SwiftUI AlignmentGuides" */;
			compatibilityVersion = "Xcode 14.0";
			developmentRegion = en;
			hasScannedForEncodings = 0;
			knownRegions = (
				en,
				Base,
			);
			mainGroup = BB88AB5F2A2C00C70073F383;
			productRefGroup = BB88AB692A2C00C70073F383 /* Products */;
			projectDirPath = "";
			projectRoot = "";
			targets = (
				BB88AB672A2C00C70073F383 /* SwiftUI AlignmentGuides */,
			);
		};
/* End PBXProject section */

/* Begin PBXResourcesBuildPhase section */
		BB88AB662A2C00C70073F383 /* Resources */ = {
			isa = PBXResourcesBuildPhase;
			buildActionMask = 2147483647;
			files = (
				BB88AB802A2C02E70073F383 /* Launch Screen.storyboard in Resources */,
				BB88AB732A2C00C70073F383 /* Preview Assets.xcassets in Resources */,
				BB88AB702A2C00C70073F383 /* Assets.xcassets in Resources */,
			);
			runOnlyForDeploymentPostprocessing = 0;
		};
/* End PBXResourcesBuildPhase section */

/* Begin PBXSourcesBuildPhase section */
		BB88AB642A2C00C70073F383 /* Sources */ = {
			isa = PBXSourcesBuildPhase;
			buildActionMask = 2147483647;
			files = (
				BB88AB7C2A2C01E70073F383 /* AlignmentSubscriptsView.swift in Sources */,
				BB88AB7E2A2C020C0073F383 /* CustomAlignmentView.swift in Sources */,
				BB88AB7A2A2C01190073F383 /* ZStackViews.swift in Sources */,
				BB88AB6E2A2C00C70073F383 /* BasicsView.swift in Sources */,
				BB88AB6C2A2C00C70073F383 /* SwiftUI_AlignmentGuidesApp.swift in Sources */,
			);
			runOnlyForDeploymentPostprocessing = 0;
		};
/* End PBXSourcesBuildPhase section */

/* Begin XCBuildConfiguration section */
		BB88AB742A2C00C70073F383 /* Debug */ = {
			isa = XCBuildConfiguration;
			buildSettings = {
				ALWAYS_SEARCH_USER_PATHS = NO;
				CLANG_ANALYZER_NONNULL = YES;
				CLANG_ANALYZER_NUMBER_OBJECT_CONVERSION = YES_AGGRESSIVE;
				CLANG_CXX_LANGUAGE_STANDARD = "gnu++20";
				CLANG_ENABLE_MODULES = YES;
				CLANG_ENABLE_OBJC_ARC = YES;
				CLANG_ENABLE_OBJC_WEAK = YES;
				CLANG_WARN_BLOCK_CAPTURE_AUTORELEASING = YES;
				CLANG_WARN_BOOL_CONVERSION = YES;
				CLANG_WARN_COMMA = YES;
				CLANG_WARN_CONSTANT_CONVERSION = YES;
				CLANG_WARN_DEPRECATED_OBJC_IMPLEMENTATIONS = YES;
				CLANG_WARN_DIRECT_OBJC_ISA_USAGE = YES_ERROR;
				CLANG_WARN_DOCUMENTATION_COMMENTS = YES;
				CLANG_WARN_EMPTY_BODY = YES;
				CLANG_WARN_ENUM_CONVERSION = YES;
				CLANG_WARN_INFINITE_RECURSION = YES;
				CLANG_WARN_INT_CONVERSION = YES;
				CLANG_WARN_NON_LITERAL_NULL_CONVERSION = YES;
				CLANG_WARN_OBJC_IMPLICIT_RETAIN_SELF = YES;
				CLANG_WARN_OBJC_LITERAL_CONVERSION = YES;
				CLANG_WARN_OBJC_ROOT_CLASS = YES_ERROR;
				CLANG_WARN_QUOTED_INCLUDE_IN_FRAMEWORK_HEADER = YES;
				CLANG_WARN_RANGE_LOOP_ANALYSIS = YES;
				CLANG_WARN_STRICT_PROTOTYPES = YES;
				CLANG_WARN_SUSPICIOUS_MOVE = YES;
				CLANG_WARN_UNGUARDED_AVAILABILITY = YES_AGGRESSIVE;
				CLANG_WARN_UNREACHABLE_CODE = YES;
				CLANG_WARN__DUPLICATE_METHOD_MATCH = YES;
				COPY_PHASE_STRIP = NO;
				DEBUG_INFORMATION_FORMAT = dwarf;
				ENABLE_STRICT_OBJC_MSGSEND = YES;
				ENABLE_TESTABILITY = YES;
				GCC_C_LANGUAGE_STANDARD = gnu11;
				GCC_DYNAMIC_NO_PIC = NO;
				GCC_NO_COMMON_BLOCKS = YES;
				GCC_OPTIMIZATION_LEVEL = 0;
				GCC_PREPROCESSOR_DEFINITIONS = (
					"DEBUG=1",
					"$(inherited)",
				);
				GCC_WARN_64_TO_32_BIT_CONVERSION = YES;
				GCC_WARN_ABOUT_RETURN_TYPE = YES_ERROR;
				GCC_WARN_UNDECLARED_SELECTOR = YES;
				GCC_WARN_UNINITIALIZED_AUTOS = YES_AGGRESSIVE;
				GCC_WARN_UNUSED_FUNCTION = YES;
				GCC_WARN_UNUSED_VARIABLE = YES;
				IPHONEOS_DEPLOYMENT_TARGET = 16.4;
				MTL_ENABLE_DEBUG_INFO = INCLUDE_SOURCE;
				MTL_FAST_MATH = YES;
				ONLY_ACTIVE_ARCH = YES;
				SDKROOT = iphoneos;
				SWIFT_ACTIVE_COMPILATION_CONDITIONS = DEBUG;
				SWIFT_OPTIMIZATION_LEVEL = "-Onone";
			};
			name = Debug;
		};
		BB88AB752A2C00C70073F383 /* Release */ = {
			isa = XCBuildConfiguration;
			buildSettings = {
				ALWAYS_SEARCH_USER_PATHS = NO;
				CLANG_ANALYZER_NONNULL = YES;
				CLANG_ANALYZER_NUMBER_OBJECT_CONVERSION = YES_AGGRESSIVE;
				CLANG_CXX_LANGUAGE_STANDARD = "gnu++20";
				CLANG_ENABLE_MODULES = YES;
				CLANG_ENABLE_OBJC_ARC = YES;
				CLANG_ENABLE_OBJC_WEAK = YES;
				CLANG_WARN_BLOCK_CAPTURE_AUTORELEASING = YES;
				CLANG_WARN_BOOL_CONVERSION = YES;
				CLANG_WARN_COMMA = YES;
				CLANG_WARN_CONSTANT_CONVERSION = YES;
				CLANG_WARN_DEPRECATED_OBJC_IMPLEMENTATIONS = YES;
				CLANG_WARN_DIRECT_OBJC_ISA_USAGE = YES_ERROR;
				CLANG_WARN_DOCUMENTATION_COMMENTS = YES;
				CLANG_WARN_EMPTY_BODY = YES;
				CLANG_WARN_ENUM_CONVERSION = YES;
				CLANG_WARN_INFINITE_RECURSION = YES;
				CLANG_WARN_INT_CONVERSION = YES;
				CLANG_WARN_NON_LITERAL_NULL_CONVERSION = YES;
				CLANG_WARN_OBJC_IMPLICIT_RETAIN_SELF = YES;
				CLANG_WARN_OBJC_LITERAL_CONVERSION = YES;
				CLANG_WARN_OBJC_ROOT_CLASS = YES_ERROR;
				CLANG_WARN_QUOTED_INCLUDE_IN_FRAMEWORK_HEADER = YES;
				CLANG_WARN_RANGE_LOOP_ANALYSIS = YES;
				CLANG_WARN_STRICT_PROTOTYPES = YES;
				CLANG_WARN_SUSPICIOUS_MOVE = YES;
				CLANG_WARN_UNGUARDED_AVAILABILITY = YES_AGGRESSIVE;
				CLANG_WARN_UNREACHABLE_CODE = YES;
				CLANG_WARN__DUPLICATE_METHOD_MATCH = YES;
				COPY_PHASE_STRIP = NO;
				DEBUG_INFORMATION_FORMAT = "dwarf-with-dsym";
				ENABLE_NS_ASSERTIONS = NO;
				ENABLE_STRICT_OBJC_MSGSEND = YES;
				GCC_C_LANGUAGE_STANDARD = gnu11;
				GCC_NO_COMMON_BLOCKS = YES;
				GCC_WARN_64_TO_32_BIT_CONVERSION = YES;
				GCC_WARN_ABOUT_RETURN_TYPE = YES_ERROR;
				GCC_WARN_UNDECLARED_SELECTOR = YES;
				GCC_WARN_UNINITIALIZED_AUTOS = YES_AGGRESSIVE;
				GCC_WARN_UNUSED_FUNCTION = YES;
				GCC_WARN_UNUSED_VARIABLE = YES;
				IPHONEOS_DEPLOYMENT_TARGET = 16.4;
				MTL_ENABLE_DEBUG_INFO = NO;
				MTL_FAST_MATH = YES;
				SDKROOT = iphoneos;
				SWIFT_COMPILATION_MODE = wholemodule;
				SWIFT_OPTIMIZATION_LEVEL = "-O";
				VALIDATE_PRODUCT = YES;
			};
			name = Release;
		};
		BB88AB772A2C00C70073F383 /* Debug */ = {
			isa = XCBuildConfiguration;
			buildSettings = {
				ASSETCATALOG_COMPILER_APPICON_NAME = AppIcon;
				ASSETCATALOG_COMPILER_GLOBAL_ACCENT_COLOR_NAME = AccentColor;
				CODE_SIGN_STYLE = Automatic;
				CURRENT_PROJECT_VERSION = 1;
				DEVELOPMENT_ASSET_PATHS = "\"SwiftUI AlignmentGuides/Preview Content\"";
				DEVELOPMENT_TEAM = RKV4UP49S6;
				ENABLE_PREVIEWS = YES;
				GENERATE_INFOPLIST_FILE = YES;
				INFOPLIST_KEY_UIApplicationSceneManifest_Generation = YES;
				INFOPLIST_KEY_UIApplicationSupportsIndirectInputEvents = YES;
				INFOPLIST_KEY_UILaunchScreen_Generation = YES;
				INFOPLIST_KEY_UILaunchStoryboardName = "Launch Screen.storyboard";
				INFOPLIST_KEY_UISupportedInterfaceOrientations_iPad = "UIInterfaceOrientationPortrait UIInterfaceOrientationPortraitUpsideDown UIInterfaceOrientationLandscapeLeft UIInterfaceOrientationLandscapeRight";
				INFOPLIST_KEY_UISupportedInterfaceOrientations_iPhone = "UIInterfaceOrientationPortrait UIInterfaceOrientationLandscapeLeft UIInterfaceOrientationLandscapeRight";
				LD_RUNPATH_SEARCH_PATHS = (
					"$(inherited)",
					"@executable_path/Frameworks",
				);
				MARKETING_VERSION = 1.0;
				PRODUCT_BUNDLE_IDENTIFIER = "com.createchsol.SwiftUI-AlignmentGuides";
				PRODUCT_NAME = "$(TARGET_NAME)";
				SWIFT_EMIT_LOC_STRINGS = YES;
				SWIFT_VERSION = 5.0;
				TARGETED_DEVICE_FAMILY = "1,2";
			};
			name = Debug;
		};
		BB88AB782A2C00C70073F383 /* Release */ = {
			isa = XCBuildConfiguration;
			buildSettings = {
				ASSETCATALOG_COMPILER_APPICON_NAME = AppIcon;
				ASSETCATALOG_COMPILER_GLOBAL_ACCENT_COLOR_NAME = AccentColor;
				CODE_SIGN_STYLE = Automatic;
				CURRENT_PROJECT_VERSION = 1;
				DEVELOPMENT_ASSET_PATHS = "\"SwiftUI AlignmentGuides/Preview Content\"";
				DEVELOPMENT_TEAM = RKV4UP49S6;
				ENABLE_PREVIEWS = YES;
				GENERATE_INFOPLIST_FILE = YES;
				INFOPLIST_KEY_UIApplicationSceneManifest_Generation = YES;
				INFOPLIST_KEY_UIApplicationSupportsIndirectInputEvents = YES;
				INFOPLIST_KEY_UILaunchScreen_Generation = YES;
				INFOPLIST_KEY_UILaunchStoryboardName = "Launch Screen.storyboard";
				INFOPLIST_KEY_UISupportedInterfaceOrientations_iPad = "UIInterfaceOrientationPortrait UIInterfaceOrientationPortraitUpsideDown UIInterfaceOrientationLandscapeLeft UIInterfaceOrientationLandscapeRight";
				INFOPLIST_KEY_UISupportedInterfaceOrientations_iPhone = "UIInterfaceOrientationPortrait UIInterfaceOrientationLandscapeLeft UIInterfaceOrientationLandscapeRight";
				LD_RUNPATH_SEARCH_PATHS = (
					"$(inherited)",
					"@executable_path/Frameworks",
				);
				MARKETING_VERSION = 1.0;
				PRODUCT_BUNDLE_IDENTIFIER = "com.createchsol.SwiftUI-AlignmentGuides";
				PRODUCT_NAME = "$(TARGET_NAME)";
				SWIFT_EMIT_LOC_STRINGS = YES;
				SWIFT_VERSION = 5.0;
				TARGETED_DEVICE_FAMILY = "1,2";
			};
			name = Release;
		};
/* End XCBuildConfiguration section */

/* Begin XCConfigurationList section */
		BB88AB632A2C00C70073F383 /* Build configuration list for PBXProject "SwiftUI AlignmentGuides" */ = {
			isa = XCConfigurationList;
			buildConfigurations = (
				BB88AB742A2C00C70073F383 /* Debug */,
				BB88AB752A2C00C70073F383 /* Release */,
			);
			defaultConfigurationIsVisible = 0;
			defaultConfigurationName = Release;
		};
		BB88AB762A2C00C70073F383 /* Build configuration list for PBXNativeTarget "SwiftUI AlignmentGuides" */ = {
			isa = XCConfigurationList;
			buildConfigurations = (
				BB88AB772A2C00C70073F383 /* Debug */,
				BB88AB782A2C00C70073F383 /* Release */,
			);
			defaultConfigurationIsVisible = 0;
			defaultConfigurationName = Release;
		};
/* End XCConfigurationList section */
	};
	rootObject = BB88AB602A2C00C70073F383 /* Project object */;
}
